
Microsoft Visual Studio Solution File, Format Version 12.00
# Visual Studio Version 16
VisualStudioVersion = 16.0.32802.440
MinimumVisualStudioVersion = 10.0.40219.1
Project("{FAE04EC0-301F-11D3-BF4B-00C04F79EFBC}") = "WpfApp3", "WpfApp3\WpfApp3.csproj", "{2537E605-350F-4A6F-BE03-EF1E49E3D112}"
EndProject
Project("{FAE04EC0-301F-11D3-BF4B-00C04F79EFBC}") = "UnitTestProject1", "UnitTestProject1\UnitTestProject1.csproj", "{D4ED700F-12D0-4876-B51E-ED8BBC00F34D}"
EndProject
Global
	GlobalSection(SolutionConfigurationPlatforms) = preSolution
		Debug|Any CPU = Debug|Any CPU
		Release|Any CPU = Release|Any CPU
	EndGlobalSection
	GlobalSection(ProjectConfigurationPlatforms) = postSolution
		{2537E605-350F-4A6F-BE03-EF1E49E3D112}.Debug|Any CPU.ActiveCfg = Debug|Any CPU
		{2537E605-350F-4A6F-BE03-EF1E49E3D112}.Debug|Any CPU.Build.0 = Debug|Any CPU
		{2537E605-350F-4A6F-BE03-EF1E49E3D112}.Release|Any CPU.ActiveCfg = Release|Any CPU
		{2537E605-350F-4A6F-BE03-EF1E49E3D112}.Release|Any CPU.Build.0 = Release|Any CPU
		{D4ED700F-12D0-4876-B51E-ED8BBC00F34D}.Debug|Any CPU.ActiveCfg = Debug|Any CPU
		{D4ED700F-12D0-4876-B51E-ED8BBC00F34D}.Debug|Any CPU.Build.0 = Debug|Any CPU
		{D4ED700F-12D0-4876-B51E-ED8BBC00F34D}.Release|Any CPU.ActiveCfg = Release|Any CPU
		{D4ED700F-12D0-4876-B51E-ED8BBC00F34D}.Release|Any CPU.Build.0 = Release|Any CPU
	EndGlobalSection
	GlobalSection(SolutionProperties) = preSolution
		HideSolutionNode = FALSE
	EndGlobalSection
	GlobalSection(ExtensibilityGlobals) = postSolution
		SolutionGuid = {33FC543E-A344-4347-967A-BDAEE271F4DD}
	EndGlobalSection
EndGlobal
